// !$*UTF8*$!
{
	archiveVersion = 1;
	classes = {
	};
	objectVersion = 50;
	objects = {

/* Begin PBXBuildFile section */
		44EB498421D06EDB0033E94D /* AppDelegate.swift in Sources */ = {isa = PBXBuildFile; fileRef = 44EB498321D06EDB0033E94D /* AppDelegate.swift */; };
		44EB498621D06EDB0033E94D /* ViewController.swift in Sources */ = {isa = PBXBuildFile; fileRef = 44EB498521D06EDB0033E94D /* ViewController.swift */; };
		44EB498921D06EDB0033E94D /* Main.storyboard in Resources */ = {isa = PBXBuildFile; fileRef = 44EB498721D06EDB0033E94D /* Main.storyboard */; };
		44EB498B21D06EDC0033E94D /* Assets.xcassets in Resources */ = {isa = PBXBuildFile; fileRef = 44EB498A21D06EDC0033E94D /* Assets.xcassets */; };
		44EB498E21D06EDC0033E94D /* LaunchScreen.storyboard in Resources */ = {isa = PBXBuildFile; fileRef = 44EB498C21D06EDC0033E94D /* LaunchScreen.storyboard */; };
		44EB499921D06EDC0033E94D /* TikTokUITests.swift in Sources */ = {isa = PBXBuildFile; fileRef = 44EB499821D06EDC0033E94D /* TikTokUITests.swift */; };
		44EB49A521D0723D0033E94D /* SearchViewController.swift in Sources */ = {isa = PBXBuildFile; fileRef = 44EB49A421D0723D0033E94D /* SearchViewController.swift */; };
		44EB49A721D072860033E94D /* VideosViewController.swift in Sources */ = {isa = PBXBuildFile; fileRef = 44EB49A621D072860033E94D /* VideosViewController.swift */; };
		44EB49A921D0729A0033E94D /* UserInfoViewController.swift in Sources */ = {isa = PBXBuildFile; fileRef = 44EB49A821D0729A0033E94D /* UserInfoViewController.swift */; };
		44EB4A1121D08BFE0033E94D /* VideoViewController.swift in Sources */ = {isa = PBXBuildFile; fileRef = 44EB4A1021D08BFE0033E94D /* VideoViewController.swift */; };
/* End PBXBuildFile section */

/* Begin PBXContainerItemProxy section */
		44EB499521D06EDC0033E94D /* PBXContainerItemProxy */ = {
			isa = PBXContainerItemProxy;
			containerPortal = 44EB497821D06EDB0033E94D /* Project object */;
			proxyType = 1;
			remoteGlobalIDString = 44EB497F21D06EDB0033E94D;
			remoteInfo = TikTok;
		};
/* End PBXContainerItemProxy section */

/* Begin PBXFileReference section */
		44EB498021D06EDB0033E94D /* TikTok.app */ = {isa = PBXFileReference; explicitFileType = wrapper.application; includeInIndex = 0; path = TikTok.app; sourceTree = BUILT_PRODUCTS_DIR; };
		44EB498321D06EDB0033E94D /* AppDelegate.swift */ = {isa = PBXFileReference; lastKnownFileType = sourcecode.swift; path = AppDelegate.swift; sourceTree = "<group>"; };
		44EB498521D06EDB0033E94D /* ViewController.swift */ = {isa = PBXFileReference; lastKnownFileType = sourcecode.swift; path = ViewController.swift; sourceTree = "<group>"; };
		44EB498821D06EDB0033E94D /* Base */ = {isa = PBXFileReference; lastKnownFileType = file.storyboard; name = Base; path = Base.lproj/Main.storyboard; sourceTree = "<group>"; };
		44EB498A21D06EDC0033E94D /* Assets.xcassets */ = {isa = PBXFileReference; lastKnownFileType = folder.assetcatalog; path = Assets.xcassets; sourceTree = "<group>"; };
		44EB498D21D06EDC0033E94D /* Base */ = {isa = PBXFileReference; lastKnownFileType = file.storyboard; name = Base; path = Base.lproj/LaunchScreen.storyboard; sourceTree = "<group>"; };
		44EB498F21D06EDC0033E94D /* Info.plist */ = {isa = PBXFileReference; lastKnownFileType = text.plist.xml; path = Info.plist; sourceTree = "<group>"; };
		44EB499421D06EDC0033E94D /* TikTokUITests.xctest */ = {isa = PBXFileReference; explicitFileType = wrapper.cfbundle; includeInIndex = 0; path = TikTokUITests.xctest; sourceTree = BUILT_PRODUCTS_DIR; };
		44EB499821D06EDC0033E94D /* TikTokUITests.swift */ = {isa = PBXFileReference; lastKnownFileType = sourcecode.swift; path = TikTokUITests.swift; sourceTree = "<group>"; };
		44EB499A21D06EDC0033E94D /* Info.plist */ = {isa = PBXFileReference; lastKnownFileType = text.plist.xml; path = Info.plist; sourceTree = "<group>"; };
		44EB49A421D0723D0033E94D /* SearchViewController.swift */ = {isa = PBXFileReference; lastKnownFileType = sourcecode.swift; path = SearchViewController.swift; sourceTree = "<group>"; };
		44EB49A621D072860033E94D /* VideosViewController.swift */ = {isa = PBXFileReference; lastKnownFileType = sourcecode.swift; path = VideosViewController.swift; sourceTree = "<group>"; };
		44EB49A821D0729A0033E94D /* UserInfoViewController.swift */ = {isa = PBXFileReference; lastKnownFileType = sourcecode.swift; path = UserInfoViewController.swift; sourceTree = "<group>"; };
		44EB4A1021D08BFE0033E94D /* VideoViewController.swift */ = {isa = PBXFileReference; lastKnownFileType = sourcecode.swift; path = VideoViewController.swift; sourceTree = "<group>"; };
/* End PBXFileReference section */

/* Begin PBXFrameworksBuildPhase section */
		44EB497D21D06EDB0033E94D /* Frameworks */ = {
			isa = PBXFrameworksBuildPhase;
			buildActionMask = 2147483647;
			files = (
			);
			runOnlyForDeploymentPostprocessing = 0;
		};
		44EB499121D06EDC0033E94D /* Frameworks */ = {
			isa = PBXFrameworksBuildPhase;
			buildActionMask = 2147483647;
			files = (
			);
			runOnlyForDeploymentPostprocessing = 0;
		};
/* End PBXFrameworksBuildPhase section */

/* Begin PBXGroup section */
		44EB497721D06EDB0033E94D = {
			isa = PBXGroup;
			children = (
				44EB498221D06EDB0033E94D /* TikTok */,
				44EB499721D06EDC0033E94D /* TikTokUITests */,
				44EB498121D06EDB0033E94D /* Products */,
			);
			sourceTree = "<group>";
		};
		44EB498121D06EDB0033E94D /* Products */ = {
			isa = PBXGroup;
			children = (
				44EB498021D06EDB0033E94D /* TikTok.app */,
				44EB499421D06EDC0033E94D /* TikTokUITests.xctest */,
			);
			name = Products;
			sourceTree = "<group>";
		};
		44EB498221D06EDB0033E94D /* TikTok */ = {
			isa = PBXGroup;
			children = (
				44EB49A321D071B70033E94D /* ViewControllers */,
				44EB498321D06EDB0033E94D /* AppDelegate.swift */,
				44EB498521D06EDB0033E94D /* ViewController.swift */,
				44EB498721D06EDB0033E94D /* Main.storyboard */,
				44EB498A21D06EDC0033E94D /* Assets.xcassets */,
				44EB498C21D06EDC0033E94D /* LaunchScreen.storyboard */,
				44EB498F21D06EDC0033E94D /* Info.plist */,
			);
			path = TikTok;
			sourceTree = "<group>";
		};
		44EB499721D06EDC0033E94D /* TikTokUITests */ = {
			isa = PBXGroup;
			children = (
				44EB499821D06EDC0033E94D /* TikTokUITests.swift */,
				44EB499A21D06EDC0033E94D /* Info.plist */,
			);
			path = TikTokUITests;
			sourceTree = "<group>";
		};
		44EB49A321D071B70033E94D /* ViewControllers */ = {
			isa = PBXGroup;
			children = (
				44EB49A421D0723D0033E94D /* SearchViewController.swift */,
				44EB49A621D072860033E94D /* VideosViewController.swift */,
				44EB49A821D0729A0033E94D /* UserInfoViewController.swift */,
				44EB4A1021D08BFE0033E94D /* VideoViewController.swift */,
			);
			path = ViewControllers;
			sourceTree = "<group>";
		};
/* End PBXGroup section */

/* Begin PBXNativeTarget section */
		44EB497F21D06EDB0033E94D /* TikTok */ = {
			isa = PBXNativeTarget;
			buildConfigurationList = 44EB499D21D06EDC0033E94D /* Build configuration list for PBXNativeTarget "TikTok" */;
			buildPhases = (
				44EB497C21D06EDB0033E94D /* Sources */,
				44EB497D21D06EDB0033E94D /* Frameworks */,
				44EB497E21D06EDB0033E94D /* Resources */,
			);
			buildRules = (
			);
			dependencies = (
			);
			name = TikTok;
			productName = TikTok;
			productReference = 44EB498021D06EDB0033E94D /* TikTok.app */;
			productType = "com.apple.product-type.application";
		};
		44EB499321D06EDC0033E94D /* TikTokUITests */ = {
			isa = PBXNativeTarget;
			buildConfigurationList = 44EB49A021D06EDC0033E94D /* Build configuration list for PBXNativeTarget "TikTokUITests" */;
			buildPhases = (
				44EB499021D06EDC0033E94D /* Sources */,
				44EB499121D06EDC0033E94D /* Frameworks */,
				44EB499221D06EDC0033E94D /* Resources */,
			);
			buildRules = (
			);
			dependencies = (
				44EB499621D06EDC0033E94D /* PBXTargetDependency */,
			);
			name = TikTokUITests;
			productName = TikTokUITests;
			productReference = 44EB499421D06EDC0033E94D /* TikTokUITests.xctest */;
			productType = "com.apple.product-type.bundle.ui-testing";
		};
/* End PBXNativeTarget section */

/* Begin PBXProject section */
		44EB497821D06EDB0033E94D /* Project object */ = {
			isa = PBXProject;
			attributes = {
				LastSwiftUpdateCheck = 1010;
				LastUpgradeCheck = 1010;
				ORGANIZATIONNAME = lc;
				TargetAttributes = {
					44EB497F21D06EDB0033E94D = {
						CreatedOnToolsVersion = 10.1;
					};
					44EB499321D06EDC0033E94D = {
						CreatedOnToolsVersion = 10.1;
						TestTargetID = 44EB497F21D06EDB0033E94D;
					};
				};
			};
			buildConfigurationList = 44EB497B21D06EDB0033E94D /* Build configuration list for PBXProject "TikTok" */;
			compatibilityVersion = "Xcode 9.3";
			developmentRegion = en;
			hasScannedForEncodings = 0;
			knownRegions = (
				en,
				Base,
			);
			mainGroup = 44EB497721D06EDB0033E94D;
			productRefGroup = 44EB498121D06EDB0033E94D /* Products */;
			projectDirPath = "";
			projectRoot = "";
			targets = (
				44EB497F21D06EDB0033E94D /* TikTok */,
				44EB499321D06EDC0033E94D /* TikTokUITests */,
			);
		};
/* End PBXProject section */

/* Begin PBXResourcesBuildPhase section */
		44EB497E21D06EDB0033E94D /* Resources */ = {
			isa = PBXResourcesBuildPhase;
			buildActionMask = 2147483647;
			files = (
				44EB498E21D06EDC0033E94D /* LaunchScreen.storyboard in Resources */,
				44EB498B21D06EDC0033E94D /* Assets.xcassets in Resources */,
				44EB498921D06EDB0033E94D /* Main.storyboard in Resources */,
			);
			runOnlyForDeploymentPostprocessing = 0;
		};
		44EB499221D06EDC0033E94D /* Resources */ = {
			isa = PBXResourcesBuildPhase;
			buildActionMask = 2147483647;
			files = (
			);
			runOnlyForDeploymentPostprocessing = 0;
		};
/* End PBXResourcesBuildPhase section */

/* Begin PBXSourcesBuildPhase section */
		44EB497C21D06EDB0033E94D /* Sources */ = {
			isa = PBXSourcesBuildPhase;
			buildActionMask = 2147483647;
			files = (
				44EB49A521D0723D0033E94D /* SearchViewController.swift in Sources */,
				44EB498621D06EDB0033E94D /* ViewController.swift in Sources */,
				44EB4A1121D08BFE0033E94D /* VideoViewController.swift in Sources */,
				44EB49A921D0729A0033E94D /* UserInfoViewController.swift in Sources */,
				44EB49A721D072860033E94D /* VideosViewController.swift in Sources */,
				44EB498421D06EDB0033E94D /* AppDelegate.swift in Sources */,
			);
			runOnlyForDeploymentPostprocessing = 0;
		};
		44EB499021D06EDC0033E94D /* Sources */ = {
			isa = PBXSourcesBuildPhase;
			buildActionMask = 2147483647;
			files = (
				44EB499921D06EDC0033E94D /* TikTokUITests.swift in Sources */,
			);
			runOnlyForDeploymentPostprocessing = 0;
		};
/* End PBXSourcesBuildPhase section */

/* Begin PBXTargetDependency section */
		44EB499621D06EDC0033E94D /* PBXTargetDependency */ = {
			isa = PBXTargetDependency;
			target = 44EB497F21D06EDB0033E94D /* TikTok */;
			targetProxy = 44EB499521D06EDC0033E94D /* PBXContainerItemProxy */;
		};
/* End PBXTargetDependency section */

/* Begin PBXVariantGroup section */
		44EB498721D06EDB0033E94D /* Main.storyboard */ = {
			isa = PBXVariantGroup;
			children = (
				44EB498821D06EDB0033E94D /* Base */,
			);
			name = Main.storyboard;
			sourceTree = "<group>";
		};
		44EB498C21D06EDC0033E94D /* LaunchScreen.storyboard */ = {
			isa = PBXVariantGroup;
			children = (
				44EB498D21D06EDC0033E94D /* Base */,
			);
			name = LaunchScreen.storyboard;
			sourceTree = "<group>";
		};
/* End PBXVariantGroup section */

/* Begin XCBuildConfiguration section */
		44EB499B21D06EDC0033E94D /* Debug */ = {
			isa = XCBuildConfiguration;
			buildSettings = {
				ALWAYS_SEARCH_USER_PATHS = NO;
				CLANG_ANALYZER_NONNULL = YES;
				CLANG_ANALYZER_NUMBER_OBJECT_CONVERSION = YES_AGGRESSIVE;
				CLANG_CXX_LANGUAGE_STANDARD = "gnu++14";
				CLANG_CXX_LIBRARY = "libc++";
				CLANG_ENABLE_MODULES = YES;
				CLANG_ENABLE_OBJC_ARC = YES;
				CLANG_ENABLE_OBJC_WEAK = YES;
				CLANG_WARN_BLOCK_CAPTURE_AUTORELEASING = YES;
				CLANG_WARN_BOOL_CONVERSION = YES;
				CLANG_WARN_COMMA = YES;
				CLANG_WARN_CONSTANT_CONVERSION = YES;
				CLANG_WARN_DEPRECATED_OBJC_IMPLEMENTATIONS = YES;
				CLANG_WARN_DIRECT_OBJC_ISA_USAGE = YES_ERROR;
				CLANG_WARN_DOCUMENTATION_COMMENTS = YES;
				CLANG_WARN_EMPTY_BODY = YES;
				CLANG_WARN_ENUM_CONVERSION = YES;
				CLANG_WARN_INFINITE_RECURSION = YES;
				CLANG_WARN_INT_CONVERSION = YES;
				CLANG_WARN_NON_LITERAL_NULL_CONVERSION = YES;
				CLANG_WARN_OBJC_IMPLICIT_RETAIN_SELF = YES;
				CLANG_WARN_OBJC_LITERAL_CONVERSION = YES;
				CLANG_WARN_OBJC_ROOT_CLASS = YES_ERROR;
				CLANG_WARN_RANGE_LOOP_ANALYSIS = YES;
				CLANG_WARN_STRICT_PROTOTYPES = YES;
				CLANG_WARN_SUSPICIOUS_MOVE = YES;
				CLANG_WARN_UNGUARDED_AVAILABILITY = YES_AGGRESSIVE;
				CLANG_WARN_UNREACHABLE_CODE = YES;
				CLANG_WARN__DUPLICATE_METHOD_MATCH = YES;
				CODE_SIGN_IDENTITY = "iPhone Developer";
				COPY_PHASE_STRIP = NO;
				DEBUG_INFORMATION_FORMAT = dwarf;
				ENABLE_STRICT_OBJC_MSGSEND = YES;
				ENABLE_TESTABILITY = YES;
				GCC_C_LANGUAGE_STANDARD = gnu11;
				GCC_DYNAMIC_NO_PIC = NO;
				GCC_NO_COMMON_BLOCKS = YES;
				GCC_OPTIMIZATION_LEVEL = 0;
				GCC_PREPROCESSOR_DEFINITIONS = (
					"DEBUG=1",
					"$(inherited)",
				);
				GCC_WARN_64_TO_32_BIT_CONVERSION = YES;
				GCC_WARN_ABOUT_RETURN_TYPE = YES_ERROR;
				GCC_WARN_UNDECLARED_SELECTOR = YES;
				GCC_WARN_UNINITIALIZED_AUTOS = YES_AGGRESSIVE;
				GCC_WARN_UNUSED_FUNCTION = YES;
				GCC_WARN_UNUSED_VARIABLE = YES;
				IPHONEOS_DEPLOYMENT_TARGET = 12.1;
				MTL_ENABLE_DEBUG_INFO = INCLUDE_SOURCE;
				MTL_FAST_MATH = YES;
				ONLY_ACTIVE_ARCH = YES;
				SDKROOT = iphoneos;
				SWIFT_ACTIVE_COMPILATION_CONDITIONS = DEBUG;
				SWIFT_OPTIMIZATION_LEVEL = "-Onone";
			};
			name = Debug;
		};
		44EB499C21D06EDC0033E94D /* Release */ = {
			isa = XCBuildConfiguration;
			buildSettings = {
				ALWAYS_SEARCH_USER_PATHS = NO;
				CLANG_ANALYZER_NONNULL = YES;
				CLANG_ANALYZER_NUMBER_OBJECT_CONVERSION = YES_AGGRESSIVE;
				CLANG_CXX_LANGUAGE_STANDARD = "gnu++14";
				CLANG_CXX_LIBRARY = "libc++";
				CLANG_ENABLE_MODULES = YES;
				CLANG_ENABLE_OBJC_ARC = YES;
				CLANG_ENABLE_OBJC_WEAK = YES;
				CLANG_WARN_BLOCK_CAPTURE_AUTORELEASING = YES;
				CLANG_WARN_BOOL_CONVERSION = YES;
				CLANG_WARN_COMMA = YES;
				CLANG_WARN_CONSTANT_CONVERSION = YES;
				CLANG_WARN_DEPRECATED_OBJC_IMPLEMENTATIONS = YES;
				CLANG_WARN_DIRECT_OBJC_ISA_USAGE = YES_ERROR;
				CLANG_WARN_DOCUMENTATION_COMMENTS = YES;
				CLANG_WARN_EMPTY_BODY = YES;
				CLANG_WARN_ENUM_CONVERSION = YES;
				CLANG_WARN_INFINITE_RECURSION = YES;
				CLANG_WARN_INT_CONVERSION = YES;
				CLANG_WARN_NON_LITERAL_NULL_CONVERSION = YES;
				CLANG_WARN_OBJC_IMPLICIT_RETAIN_SELF = YES;
				CLANG_WARN_OBJC_LITERAL_CONVERSION = YES;
				CLANG_WARN_OBJC_ROOT_CLASS = YES_ERROR;
				CLANG_WARN_RANGE_LOOP_ANALYSIS = YES;
				CLANG_WARN_STRICT_PROTOTYPES = YES;
				CLANG_WARN_SUSPICIOUS_MOVE = YES;
				CLANG_WARN_UNGUARDED_AVAILABILITY = YES_AGGRESSIVE;
				CLANG_WARN_UNREACHABLE_CODE = YES;
				CLANG_WARN__DUPLICATE_METHOD_MATCH = YES;
				CODE_SIGN_IDENTITY = "iPhone Developer";
				COPY_PHASE_STRIP = NO;
				DEBUG_INFORMATION_FORMAT = "dwarf-with-dsym";
				ENABLE_NS_ASSERTIONS = NO;
				ENABLE_STRICT_OBJC_MSGSEND = YES;
				GCC_C_LANGUAGE_STANDARD = gnu11;
				GCC_NO_COMMON_BLOCKS = YES;
				GCC_WARN_64_TO_32_BIT_CONVERSION = YES;
				GCC_WARN_ABOUT_RETURN_TYPE = YES_ERROR;
				GCC_WARN_UNDECLARED_SELECTOR = YES;
				GCC_WARN_UNINITIALIZED_AUTOS = YES_AGGRESSIVE;
				GCC_WARN_UNUSED_FUNCTION = YES;
				GCC_WARN_UNUSED_VARIABLE = YES;
				IPHONEOS_DEPLOYMENT_TARGET = 12.1;
				MTL_ENABLE_DEBUG_INFO = NO;
				MTL_FAST_MATH = YES;
				SDKROOT = iphoneos;
				SWIFT_COMPILATION_MODE = wholemodule;
				SWIFT_OPTIMIZATION_LEVEL = "-O";
				VALIDATE_PRODUCT = YES;
			};
			name = Release;
		};
		44EB499E21D06EDC0033E94D /* Debug */ = {
			isa = XCBuildConfiguration;
			buildSettings = {
				ASSETCATALOG_COMPILER_APPICON_NAME = AppIcon;
				CODE_SIGN_STYLE = Automatic;
				INFOPLIST_FILE = TikTok/Info.plist;
				LD_RUNPATH_SEARCH_PATHS = (
					"$(inherited)",
					"@executable_path/Frameworks",
				);
				PRODUCT_BUNDLE_IDENTIFIER = lc.TikTok;
				PRODUCT_NAME = "$(TARGET_NAME)";
				SWIFT_VERSION = 4.2;
				TARGETED_DEVICE_FAMILY = "1,2";
			};
			name = Debug;
		};
		44EB499F21D06EDC0033E94D /* Release */ = {
			isa = XCBuildConfiguration;
			buildSettings = {
				ASSETCATALOG_COMPILER_APPICON_NAME = AppIcon;
				CODE_SIGN_STYLE = Automatic;
				INFOPLIST_FILE = TikTok/Info.plist;
				LD_RUNPATH_SEARCH_PATHS = (
					"$(inherited)",
					"@executable_path/Frameworks",
				);
				PRODUCT_BUNDLE_IDENTIFIER = lc.TikTok;
				PRODUCT_NAME = "$(TARGET_NAME)";
				SWIFT_VERSION = 4.2;
				TARGETED_DEVICE_FAMILY = "1,2";
			};
			name = Release;
		};
		44EB49A121D06EDC0033E94D /* Debug */ = {
			isa = XCBuildConfiguration;
			buildSettings = {
				ALWAYS_EMBED_SWIFT_STANDARD_LIBRARIES = YES;
				CODE_SIGN_STYLE = Automatic;
				INFOPLIST_FILE = TikTokUITests/Info.plist;
				LD_RUNPATH_SEARCH_PATHS = (
					"$(inherited)",
					"@executable_path/Frameworks",
					"@loader_path/Frameworks",
				);
				PRODUCT_BUNDLE_IDENTIFIER = lc.TikTokUITests;
				PRODUCT_NAME = "$(TARGET_NAME)";
				SWIFT_VERSION = 4.2;
				TARGETED_DEVICE_FAMILY = "1,2";
				TEST_TARGET_NAME = TikTok;
			};
			name = Debug;
		};
		44EB49A221D06EDC0033E94D /* Release */ = {
			isa = XCBuildConfiguration;
			buildSettings = {
				ALWAYS_EMBED_SWIFT_STANDARD_LIBRARIES = YES;
				CODE_SIGN_STYLE = Automatic;
				INFOPLIST_FILE = TikTokUITests/Info.plist;
				LD_RUNPATH_SEARCH_PATHS = (
					"$(inherited)",
					"@executable_path/Frameworks",
					"@loader_path/Frameworks",
				);
				PRODUCT_BUNDLE_IDENTIFIER = lc.TikTokUITests;
				PRODUCT_NAME = "$(TARGET_NAME)";
				SWIFT_VERSION = 4.2;
				TARGETED_DEVICE_FAMILY = "1,2";
				TEST_TARGET_NAME = TikTok;
			};
			name = Release;
		};
/* End XCBuildConfiguration section */

/* Begin XCConfigurationList section */
		44EB497B21D06EDB0033E94D /* Build configuration list for PBXProject "TikTok" */ = {
			isa = XCConfigurationList;
			buildConfigurations = (
				44EB499B21D06EDC0033E94D /* Debug */,
				44EB499C21D06EDC0033E94D /* Release */,
			);
			defaultConfigurationIsVisible = 0;
			defaultConfigurationName = Release;
		};
		44EB499D21D06EDC0033E94D /* Build configuration list for PBXNativeTarget "TikTok" */ = {
			isa = XCConfigurationList;
			buildConfigurations = (
				44EB499E21D06EDC0033E94D /* Debug */,
				44EB499F21D06EDC0033E94D /* Release */,
			);
			defaultConfigurationIsVisible = 0;
			defaultConfigurationName = Release;
		};
		44EB49A021D06EDC0033E94D /* Build configuration list for PBXNativeTarget "TikTokUITests" */ = {
			isa = XCConfigurationList;
			buildConfigurations = (
				44EB49A121D06EDC0033E94D /* Debug */,
				44EB49A221D06EDC0033E94D /* Release */,
			);
			defaultConfigurationIsVisible = 0;
			defaultConfigurationName = Release;
		};
/* End XCConfigurationList section */
	};
	rootObject = 44EB497821D06EDB0033E94D /* Project object */;
}
